Microsoft Visual Studio Solution File, Format Version 12.00
# Visual Studio Version 17
VisualStudioVersion = 17.5.2.0
MinimumVisualStudioVersion = 10.0.40219.1
Project("{FAE04EC0-301F-11D3-BF4B-00C04F79EFBC}") = "Submerge", "Submerge.csproj", "{DB7DF771-9EF0-BA26-894F-15C9BFB2643B}"
EndProject
Global
	GlobalSection(SolutionConfigurationPlatforms) = preSolution
		Debug|Any CPU = Debug|Any CPU
		Release|Any CPU = Release|Any CPU
	EndGlobalSection
	GlobalSection(ProjectConfigurationPlatforms) = postSolution
		{DB7DF771-9EF0-BA26-894F-15C9BFB2643B}.Debug|Any CPU.ActiveCfg = Debug|Any CPU
		{DB7DF771-9EF0-BA26-894F-15C9BFB2643B}.Debug|Any CPU.Build.0 = Debug|Any CPU
		{DB7DF771-9EF0-BA26-894F-15C9BFB2643B}.Release|Any CPU.ActiveCfg = Release|Any CPU
		{DB7DF771-9EF0-BA26-894F-15C9BFB2643B}.Release|Any CPU.Build.0 = Release|Any CPU
	EndGlobalSection
	GlobalSection(SolutionProperties) = preSolution
		HideSolutionNode = FALSE
	EndGlobalSection
	GlobalSection(ExtensibilityGlobals) = postSolution
		SolutionGuid = {5DB106E9-E583-4D22-8516-347A0F126201}
	EndGlobalSection
EndGlobal
